<?xml version="1.0" encoding="utf-8"?>
<Project ToolsVersion="4.0" xmlns="http://schemas.microsoft.com/developer/msbuild/2003">
  <ItemGroup>
    <Filter Include="源文件">
      <UniqueIdentifier>{4FC737F1-C7A5-4376-A066-2A32D752A2FF}</UniqueIdentifier>
      <Extensions>cpp;c;cc;cxx;def;odl;idl;hpj;bat;asm;asmx</Extensions>
    </Filter>
    <Filter Include="头文件">
      <UniqueIdentifier>{93995380-89BD-4b04-88EB-625FBE52EBFB}</UniqueIdentifier>
      <Extensions>h;hh;hpp;hxx;hm;inl;inc;ipp;xsd</Extensions>
    </Filter>
    <Filter Include="资源文件">
      <UniqueIdentifier>{67DA6AB6-F800-4c08-8B7A-83BB121AAD01}</UniqueIdentifier>
      <Extensions>rc;ico;cur;bmp;dlg;rc2;rct;bin;rgs;gif;jpg;jpeg;jpe;resx;tiff;tif;png;wav;mfcribbon-ms</Extensions>
    </Filter>
  </ItemGroup>
  <ItemGroup>
    <ClCompile Include="Coordinate.cpp">
      <Filter>源文件</Filter>
    </ClCompile>
    <ClCompile Include="_01_duixiang_shuzu.cpp">
      <Filter>源文件</Filter>
    </ClCompile>
    <ClCompile Include="_02_duixiang_chengyuan.cpp">
      <Filter>源文件</Filter>
    </ClCompile>
    <ClCompile Include="Coordinate_02.cpp">
      <Filter>源文件</Filter>
    </ClCompile>
    <ClCompile Include="Line.cpp">
      <Filter>源文件</Filter>
    </ClCompile>
    <ClCompile Include="_03_qiankaobei_shenkaobei.cpp">
      <Filter>源文件</Filter>
    </ClCompile>
    <ClCompile Include="Array.cpp">
      <Filter>源文件</Filter>
    </ClCompile>
    <ClCompile Include="_04_duixiang_zhizhen.cpp">
      <Filter>源文件</Filter>
    </ClCompile>
    <ClCompile Include="_05_duixiang_chengyuanzhizhen.cpp">
      <Filter>源文件</Filter>
    </ClCompile>
    <ClCompile Include="Line2.cpp">
      <Filter>源文件</Filter>
    </ClCompile>
    <ClCompile Include="_06_this_pointer.cpp">
      <Filter>源文件</Filter>
    </ClCompile>
    <ClCompile Include="Array_02.cpp">
      <Filter>源文件</Filter>
    </ClCompile>
    <ClCompile Include="_07_const_duixiang_hanshu.cpp">
      <Filter>源文件</Filter>
    </ClCompile>
    <ClCompile Include="Coordinate_03.cpp">
      <Filter>源文件</Filter>
    </ClCompile>
    <ClCompile Include="Line_03.cpp">
      <Filter>源文件</Filter>
    </ClCompile>
  </ItemGroup>
  <ItemGroup>
    <ClInclude Include="Coordinate.h">
      <Filter>头文件</Filter>
    </ClInclude>
    <ClInclude Include="Coordinate_02.h">
      <Filter>头文件</Filter>
    </ClInclude>
    <ClInclude Include="Line.h">
      <Filter>头文件</Filter>
    </ClInclude>
    <ClInclude Include="Array.h">
      <Filter>头文件</Filter>
    </ClInclude>
    <ClInclude Include="Line2.h">
      <Filter>头文件</Filter>
    </ClInclude>
    <ClInclude Include="Array_02.h">
      <Filter>头文件</Filter>
    </ClInclude>
    <ClInclude Include="Coordinate_03.h">
      <Filter>头文件</Filter>
    </ClInclude>
    <ClInclude Include="Line_03.h">
      <Filter>头文件</Filter>
    </ClInclude>
  </ItemGroup>
</Project>